
Microsoft Visual Studio Solution File, Format Version 12.00
# Visual Studio Version 16
VisualStudioVersion = 16.0.31911.196
MinimumVisualStudioVersion = 10.0.40219.1
Project("{8BC9CEB8-8B4A-11D0-8D11-00A0C91BC942}") = "ET - Dark Impact - 2D Game", "ET - Dark Impact - 2D Game\ET - Dark Impact - 2D Game.vcxproj", "{93803B9F-86AE-46B5-82E7-BE77A96D2BB6}"
EndProject
Project("{8BC9CEB8-8B4A-11D0-8D11-00A0C91BC942}") = "Game Unit Tests", "Game Unit Tests\Game Unit Tests.vcxproj", "{CD72FF36-4A3C-4190-8602-FCF6194F90C8}"
EndProject
Global
	GlobalSection(SolutionConfigurationPlatforms) = preSolution
		Debug|x64 = Debug|x64
		Debug|x86 = Debug|x86
		Release|x64 = Release|x64
		Release|x86 = Release|x86
	EndGlobalSection
	GlobalSection(ProjectConfigurationPlatforms) = postSolution
		{93803B9F-86AE-46B5-82E7-BE77A96D2BB6}.Debug|x64.ActiveCfg = Debug|x64
		{93803B9F-86AE-46B5-82E7-BE77A96D2BB6}.Debug|x64.Build.0 = Debug|x64
		{93803B9F-86AE-46B5-82E7-BE77A96D2BB6}.Debug|x86.ActiveCfg = Debug|Win32
		{93803B9F-86AE-46B5-82E7-BE77A96D2BB6}.Debug|x86.Build.0 = Debug|Win32
		{93803B9F-86AE-46B5-82E7-BE77A96D2BB6}.Release|x64.ActiveCfg = Release|x64
		{93803B9F-86AE-46B5-82E7-BE77A96D2BB6}.Release|x64.Build.0 = Release|x64
		{93803B9F-86AE-46B5-82E7-BE77A96D2BB6}.Release|x86.ActiveCfg = Release|Win32
		{93803B9F-86AE-46B5-82E7-BE77A96D2BB6}.Release|x86.Build.0 = Release|Win32
		{CD72FF36-4A3C-4190-8602-FCF6194F90C8}.Debug|x64.ActiveCfg = Debug|x64
		{CD72FF36-4A3C-4190-8602-FCF6194F90C8}.Debug|x64.Build.0 = Debug|x64
		{CD72FF36-4A3C-4190-8602-FCF6194F90C8}.Debug|x86.ActiveCfg = Debug|Win32
		{CD72FF36-4A3C-4190-8602-FCF6194F90C8}.Debug|x86.Build.0 = Debug|Win32
		{CD72FF36-4A3C-4190-8602-FCF6194F90C8}.Release|x64.ActiveCfg = Release|x64
		{CD72FF36-4A3C-4190-8602-FCF6194F90C8}.Release|x64.Build.0 = Release|x64
		{CD72FF36-4A3C-4190-8602-FCF6194F90C8}.Release|x86.ActiveCfg = Release|Win32
		{CD72FF36-4A3C-4190-8602-FCF6194F90C8}.Release|x86.Build.0 = Release|Win32
	EndGlobalSection
	GlobalSection(SolutionProperties) = preSolution
		HideSolutionNode = FALSE
	EndGlobalSection
	GlobalSection(ExtensibilityGlobals) = postSolution
		SolutionGuid = {13F71A0A-B6C4-44C5-986E-39D59CA7F514}
	EndGlobalSection
EndGlobal
