<?xml version="1.0" encoding="utf-8"?>
<Project ToolsVersion="4.0" xmlns="http://schemas.microsoft.com/developer/msbuild/2003">
  <ItemGroup>
    <Filter Include="Source Files">
      <UniqueIdentifier>{4FC737F1-C7A5-4376-A066-2A32D752A2FF}</UniqueIdentifier>
      <Extensions>cpp;c;cc;cxx;c++;cppm;ixx;def;odl;idl;hpj;bat;asm;asmx</Extensions>
    </Filter>
    <Filter Include="Header Files">
      <UniqueIdentifier>{93995380-89BD-4b04-88EB-625FBE52EBFB}</UniqueIdentifier>
      <Extensions>h;hh;hpp;hxx;h++;hm;inl;inc;ipp;xsd</Extensions>
    </Filter>
    <Filter Include="Resource Files">
      <UniqueIdentifier>{67DA6AB6-F800-4c08-8B7A-83BB121AAD01}</UniqueIdentifier>
      <Extensions>rc;ico;cur;bmp;dlg;rc2;rct;bin;rgs;gif;jpg;jpeg;jpe;resx;tiff;tif;png;wav;mfcribbon-ms</Extensions>
    </Filter>
    <Filter Include="Header Files\GameObjectsH">
      <UniqueIdentifier>{15e97e47-0747-48f2-b34c-c3810c21fd17}</UniqueIdentifier>
    </Filter>
    <Filter Include="Source Files\GameObjectsCpp">
      <UniqueIdentifier>{f08e72a0-466c-4172-bff6-62e1b5469982}</UniqueIdentifier>
    </Filter>
    <Filter Include="Source Files\MapCpp">
      <UniqueIdentifier>{e5c7215a-ac84-4d3a-b8a0-db0e4a501cdd}</UniqueIdentifier>
    </Filter>
    <Filter Include="Header Files\MapH">
      <UniqueIdentifier>{f3109629-6dc5-413f-8b9c-a53b3d55f1d3}</UniqueIdentifier>
    </Filter>
    <Filter Include="Source Files\UtilsCpp">
      <UniqueIdentifier>{5e489ddd-e1f9-4dcf-8598-7343b9ad1468}</UniqueIdentifier>
    </Filter>
    <Filter Include="Header Files\UtilsH">
      <UniqueIdentifier>{2dd051a9-1e25-48ae-9006-565748356e21}</UniqueIdentifier>
    </Filter>
    <Filter Include="Source Files\HeroClassesCpp">
      <UniqueIdentifier>{1e1bbb5a-d3f7-49eb-a7a1-c27770e31055}</UniqueIdentifier>
    </Filter>
    <Filter Include="Header Files\HeroClassesH">
      <UniqueIdentifier>{f0460b3b-a9e3-4f3d-8ee0-74807f8f192b}</UniqueIdentifier>
    </Filter>
    <Filter Include="Header Files\HeroChoicesH">
      <UniqueIdentifier>{ae8d5a84-4e81-4775-b8ab-ba67f0acc0ed}</UniqueIdentifier>
    </Filter>
    <Filter Include="Source Files\HeroChoicesCpp">
      <UniqueIdentifier>{a9827ee7-79db-4e86-a82d-137766627adf}</UniqueIdentifier>
    </Filter>
  </ItemGroup>
  <ItemGroup>
    <ClCompile Include="Main.cpp">
      <Filter>Source Files</Filter>
    </ClCompile>
    <ClCompile Include="HeroObject.cpp">
      <Filter>Source Files\GameObjectsCpp</Filter>
    </ClCompile>
    <ClCompile Include="AppleObject.cpp">
      <Filter>Source Files\GameObjectsCpp</Filter>
    </ClCompile>
    <ClCompile Include="SnakeObject.cpp">
      <Filter>Source Files\GameObjectsCpp</Filter>
    </ClCompile>
    <ClCompile Include="_VirtualObject.cpp">
      <Filter>Source Files\GameObjectsCpp</Filter>
    </ClCompile>
    <ClCompile Include="EnemyObject.cpp">
      <Filter>Source Files\GameObjectsCpp</Filter>
    </ClCompile>
    <ClCompile Include="BasicFunctions.cpp">
      <Filter>Source Files\UtilsCpp</Filter>
    </ClCompile>
    <ClCompile Include="BackgroundMap.cpp">
      <Filter>Source Files\MapCpp</Filter>
    </ClCompile>
    <ClCompile Include="TextureManager.cpp">
      <Filter>Source Files\UtilsCpp</Filter>
    </ClCompile>
    <ClCompile Include="Game.cpp">
      <Filter>Source Files</Filter>
    </ClCompile>
    <ClCompile Include="_VirtualMap.cpp">
      <Filter>Source Files\MapCpp</Filter>
    </ClCompile>
    <ClCompile Include="BasicClass.cpp">
      <Filter>Source Files\HeroClassesCpp</Filter>
    </ClCompile>
    <ClCompile Include="HeroChoices.cpp">
      <Filter>Source Files\HeroChoicesCpp</Filter>
    </ClCompile>
    <ClCompile Include="HeroLayerMap.cpp">
      <Filter>Source Files\MapCpp</Filter>
    </ClCompile>
    <ClCompile Include="KeyboardManager.cpp">
      <Filter>Source Files\UtilsCpp</Filter>
    </ClCompile>
    <ClCompile Include="PointInMap.cpp">
      <Filter>Source Files\UtilsCpp</Filter>
    </ClCompile>
    <ClCompile Include="GameObjective.cpp">
      <Filter>Source Files\HeroChoicesCpp</Filter>
    </ClCompile>
  </ItemGroup>
  <ItemGroup>
    <ClInclude Include="AppleObject.h">
      <Filter>Header Files\GameObjectsH</Filter>
    </ClInclude>
    <ClInclude Include="HeroObject.h">
      <Filter>Header Files\GameObjectsH</Filter>
    </ClInclude>
    <ClInclude Include="SnakeObject.h">
      <Filter>Header Files\GameObjectsH</Filter>
    </ClInclude>
    <ClInclude Include="_VirtualObject.h">
      <Filter>Header Files\GameObjectsH</Filter>
    </ClInclude>
    <ClInclude Include="SimpleMathExamples.h">
      <Filter>Header Files\UtilsH</Filter>
    </ClInclude>
    <ClInclude Include="EnemyObject.h">
      <Filter>Header Files\GameObjectsH</Filter>
    </ClInclude>
    <ClInclude Include="BasicFunctions.h">
      <Filter>Header Files\UtilsH</Filter>
    </ClInclude>
    <ClInclude Include="BackgroundMap.h">
      <Filter>Header Files\MapH</Filter>
    </ClInclude>
    <ClInclude Include="TextureManager.h">
      <Filter>Header Files\UtilsH</Filter>
    </ClInclude>
    <ClInclude Include="Game.h">
      <Filter>Header Files</Filter>
    </ClInclude>
    <ClInclude Include="_VirtualMap.h">
      <Filter>Header Files\MapH</Filter>
    </ClInclude>
    <ClInclude Include="BasicClass.h">
      <Filter>Header Files\HeroClassesH</Filter>
    </ClInclude>
    <ClInclude Include="HeroChoices.h">
      <Filter>Header Files\HeroChoicesH</Filter>
    </ClInclude>
    <ClInclude Include="HeroLayerMap.h">
      <Filter>Header Files\MapH</Filter>
    </ClInclude>
    <ClInclude Include="KeyboardManager.h">
      <Filter>Header Files\UtilsH</Filter>
    </ClInclude>
    <ClInclude Include="PointInMap.h">
      <Filter>Header Files\UtilsH</Filter>
    </ClInclude>
    <ClInclude Include="GameObjective.h">
      <Filter>Header Files\HeroChoicesH</Filter>
    </ClInclude>
  </ItemGroup>
</Project>