<?xml version="1.0" encoding="utf-8"?>
<Project ToolsVersion="4.0" xmlns="http://schemas.microsoft.com/developer/msbuild/2003">
  <ItemGroup>
    <Filter Include="Source Files">
      <UniqueIdentifier>{4FC737F1-C7A5-4376-A066-2A32D752A2FF}</UniqueIdentifier>
      <Extensions>cpp;c;cc;cxx;c++;cppm;ixx;def;odl;idl;hpj;bat;asm;asmx</Extensions>
    </Filter>
    <Filter Include="Header Files">
      <UniqueIdentifier>{93995380-89BD-4b04-88EB-625FBE52EBFB}</UniqueIdentifier>
      <Extensions>h;hh;hpp;hxx;h++;hm;inl;inc;ipp;xsd</Extensions>
    </Filter>
    <Filter Include="Resource Files">
      <UniqueIdentifier>{67DA6AB6-F800-4c08-8B7A-83BB121AAD01}</UniqueIdentifier>
      <Extensions>rc;ico;cur;bmp;dlg;rc2;rct;bin;rgs;gif;jpg;jpeg;jpe;resx;tiff;tif;png;wav;mfcribbon-ms</Extensions>
    </Filter>
    <Filter Include="Header Files\GameObjectsH">
      <UniqueIdentifier>{15e97e47-0747-48f2-b34c-c3810c21fd17}</UniqueIdentifier>
    </Filter>
    <Filter Include="Source Files\GameObjectsCpp">
      <UniqueIdentifier>{f08e72a0-466c-4172-bff6-62e1b5469982}</UniqueIdentifier>
    </Filter>
    <Filter Include="Source Files\MapCpp">
      <UniqueIdentifier>{e5c7215a-ac84-4d3a-b8a0-db0e4a501cdd}</UniqueIdentifier>
    </Filter>
    <Filter Include="Header Files\MapH">
      <UniqueIdentifier>{f3109629-6dc5-413f-8b9c-a53b3d55f1d3}</UniqueIdentifier>
    </Filter>
    <Filter Include="Source Files\UtilsCpp">
      <UniqueIdentifier>{5e489ddd-e1f9-4dcf-8598-7343b9ad1468}</UniqueIdentifier>
    </Filter>
    <Filter Include="Header Files\UtilsH">
      <UniqueIdentifier>{2dd051a9-1e25-48ae-9006-565748356e21}</UniqueIdentifier>
    </Filter>
    <Filter Include="Header Files\HeroUtlisH">
      <UniqueIdentifier>{ae8d5a84-4e81-4775-b8ab-ba67f0acc0ed}</UniqueIdentifier>
    </Filter>
    <Filter Include="Source Files\HeroUtilsCpp">
      <UniqueIdentifier>{a9827ee7-79db-4e86-a82d-137766627adf}</UniqueIdentifier>
    </Filter>
    <Filter Include="Source Files\LevelCpp">
      <UniqueIdentifier>{c50d01b5-2b3b-4dc3-8211-cb865b764ff6}</UniqueIdentifier>
    </Filter>
    <Filter Include="Header Files\LevelH">
      <UniqueIdentifier>{ddbeac22-8152-4df3-b753-0f7538b0ebdb}</UniqueIdentifier>
    </Filter>
    <Filter Include="Source Files\SDL2_ManagersCpp">
      <UniqueIdentifier>{e217a5c2-6ee6-4cfb-ad71-fed32b9cd914}</UniqueIdentifier>
    </Filter>
    <Filter Include="Header Files\SDL2_ManagersH">
      <UniqueIdentifier>{0538c411-418a-4234-9904-494152220968}</UniqueIdentifier>
    </Filter>
  </ItemGroup>
  <ItemGroup>
    <ClCompile Include="Main.cpp">
      <Filter>Source Files</Filter>
    </ClCompile>
    <ClCompile Include="HeroObject.cpp">
      <Filter>Source Files\GameObjectsCpp</Filter>
    </ClCompile>
    <ClCompile Include="AppleObject.cpp">
      <Filter>Source Files\GameObjectsCpp</Filter>
    </ClCompile>
    <ClCompile Include="SnakeObject.cpp">
      <Filter>Source Files\GameObjectsCpp</Filter>
    </ClCompile>
    <ClCompile Include="_VirtualObject.cpp">
      <Filter>Source Files\GameObjectsCpp</Filter>
    </ClCompile>
    <ClCompile Include="EnemyObject.cpp">
      <Filter>Source Files\GameObjectsCpp</Filter>
    </ClCompile>
    <ClCompile Include="BasicFunctions.cpp">
      <Filter>Source Files\UtilsCpp</Filter>
    </ClCompile>
    <ClCompile Include="BackgroundMap.cpp">
      <Filter>Source Files\MapCpp</Filter>
    </ClCompile>
    <ClCompile Include="Game.cpp">
      <Filter>Source Files</Filter>
    </ClCompile>
    <ClCompile Include="_VirtualMap.cpp">
      <Filter>Source Files\MapCpp</Filter>
    </ClCompile>
    <ClCompile Include="HeroLayerMap.cpp">
      <Filter>Source Files\MapCpp</Filter>
    </ClCompile>
    <ClCompile Include="BasicClass.cpp">
      <Filter>Source Files\HeroUtilsCpp</Filter>
    </ClCompile>
    <ClCompile Include="ChestObject.cpp">
      <Filter>Source Files\GameObjectsCpp</Filter>
    </ClCompile>
    <ClCompile Include="Point.cpp">
      <Filter>Source Files\UtilsCpp</Filter>
    </ClCompile>
    <ClCompile Include="GameLevelManager.cpp">
      <Filter>Source Files\LevelCpp</Filter>
    </ClCompile>
    <ClCompile Include="GameLevel.cpp">
      <Filter>Source Files\LevelCpp</Filter>
    </ClCompile>
    <ClCompile Include="GameObjective.cpp">
      <Filter>Source Files\LevelCpp</Filter>
    </ClCompile>
    <ClCompile Include="HeroChoices.cpp">
      <Filter>Source Files\LevelCpp</Filter>
    </ClCompile>
    <ClCompile Include="KeyboardManager.cpp">
      <Filter>Source Files\HeroUtilsCpp</Filter>
    </ClCompile>
    <ClCompile Include="CoordinatesOfHero.cpp">
      <Filter>Source Files\HeroUtilsCpp</Filter>
    </ClCompile>
    <ClCompile Include="AssetsManager.cpp">
      <Filter>Source Files\SDL2_ManagersCpp</Filter>
    </ClCompile>
    <ClCompile Include="TextureManager.cpp">
      <Filter>Source Files\SDL2_ManagersCpp</Filter>
    </ClCompile>
    <ClCompile Include="CoinObject.cpp">
      <Filter>Source Files\GameObjectsCpp</Filter>
    </ClCompile>
  </ItemGroup>
  <ItemGroup>
    <ClInclude Include="AppleObject.h">
      <Filter>Header Files\GameObjectsH</Filter>
    </ClInclude>
    <ClInclude Include="HeroObject.h">
      <Filter>Header Files\GameObjectsH</Filter>
    </ClInclude>
    <ClInclude Include="SnakeObject.h">
      <Filter>Header Files\GameObjectsH</Filter>
    </ClInclude>
    <ClInclude Include="_VirtualObject.h">
      <Filter>Header Files\GameObjectsH</Filter>
    </ClInclude>
    <ClInclude Include="SimpleMathExamples.h">
      <Filter>Header Files\UtilsH</Filter>
    </ClInclude>
    <ClInclude Include="EnemyObject.h">
      <Filter>Header Files\GameObjectsH</Filter>
    </ClInclude>
    <ClInclude Include="BasicFunctions.h">
      <Filter>Header Files\UtilsH</Filter>
    </ClInclude>
    <ClInclude Include="BackgroundMap.h">
      <Filter>Header Files\MapH</Filter>
    </ClInclude>
    <ClInclude Include="Game.h">
      <Filter>Header Files</Filter>
    </ClInclude>
    <ClInclude Include="_VirtualMap.h">
      <Filter>Header Files\MapH</Filter>
    </ClInclude>
    <ClInclude Include="HeroLayerMap.h">
      <Filter>Header Files\MapH</Filter>
    </ClInclude>
    <ClInclude Include="BasicClass.h">
      <Filter>Header Files\HeroUtlisH</Filter>
    </ClInclude>
    <ClInclude Include="ChestObject.h">
      <Filter>Header Files\GameObjectsH</Filter>
    </ClInclude>
    <ClInclude Include="Point.h">
      <Filter>Header Files\UtilsH</Filter>
    </ClInclude>
    <ClInclude Include="GameLevelManager.h">
      <Filter>Header Files\LevelH</Filter>
    </ClInclude>
    <ClInclude Include="GameLevel.h">
      <Filter>Header Files\LevelH</Filter>
    </ClInclude>
    <ClInclude Include="HeroChoices.h">
      <Filter>Header Files\LevelH</Filter>
    </ClInclude>
    <ClInclude Include="GameObjective.h">
      <Filter>Header Files\LevelH</Filter>
    </ClInclude>
    <ClInclude Include="KeyboardManager.h">
      <Filter>Header Files\HeroUtlisH</Filter>
    </ClInclude>
    <ClInclude Include="CoordinatesOfHero.h">
      <Filter>Header Files\HeroUtlisH</Filter>
    </ClInclude>
    <ClInclude Include="AssetsManager.h">
      <Filter>Header Files\SDL2_ManagersH</Filter>
    </ClInclude>
    <ClInclude Include="TextureManager.h">
      <Filter>Header Files\SDL2_ManagersH</Filter>
    </ClInclude>
    <ClInclude Include="CoinObject.h">
      <Filter>Header Files\GameObjectsH</Filter>
    </ClInclude>
  </ItemGroup>
</Project>