<?xml version="1.0" encoding="utf-8"?>
<Project ToolsVersion="4.0" xmlns="http://schemas.microsoft.com/developer/msbuild/2003">
  <ItemGroup>
    <Filter Include="Source Files">
      <UniqueIdentifier>{4FC737F1-C7A5-4376-A066-2A32D752A2FF}</UniqueIdentifier>
      <Extensions>cpp;c;cc;cxx;c++;cppm;ixx;def;odl;idl;hpj;bat;asm;asmx</Extensions>
    </Filter>
    <Filter Include="Header Files">
      <UniqueIdentifier>{93995380-89BD-4b04-88EB-625FBE52EBFB}</UniqueIdentifier>
      <Extensions>h;hh;hpp;hxx;h++;hm;inl;inc;ipp;xsd</Extensions>
    </Filter>
    <Filter Include="Resource Files">
      <UniqueIdentifier>{67DA6AB6-F800-4c08-8B7A-83BB121AAD01}</UniqueIdentifier>
      <Extensions>rc;ico;cur;bmp;dlg;rc2;rct;bin;rgs;gif;jpg;jpeg;jpe;resx;tiff;tif;png;wav;mfcribbon-ms</Extensions>
    </Filter>
    <Filter Include="Header Files\GameObjectsH">
      <UniqueIdentifier>{15e97e47-0747-48f2-b34c-c3810c21fd17}</UniqueIdentifier>
    </Filter>
    <Filter Include="Header Files\GameRunH">
      <UniqueIdentifier>{66431d25-2d3f-41aa-a8e2-af43a9ede778}</UniqueIdentifier>
    </Filter>
    <Filter Include="Source Files\GameObjectsCpp">
      <UniqueIdentifier>{f08e72a0-466c-4172-bff6-62e1b5469982}</UniqueIdentifier>
    </Filter>
    <Filter Include="Source Files\GameRunCpp">
      <UniqueIdentifier>{05bfe058-2971-4d51-ab89-79f1d6b3b1f3}</UniqueIdentifier>
    </Filter>
    <Filter Include="Header Files\OtherH">
      <UniqueIdentifier>{2dd051a9-1e25-48ae-9006-565748356e21}</UniqueIdentifier>
    </Filter>
  </ItemGroup>
  <ItemGroup>
    <ClCompile Include="Main.cpp">
      <Filter>Source Files</Filter>
    </ClCompile>
    <ClCompile Include="HeroObject.cpp">
      <Filter>Source Files\GameObjectsCpp</Filter>
    </ClCompile>
    <ClCompile Include="Game.cpp">
      <Filter>Source Files\GameRunCpp</Filter>
    </ClCompile>
    <ClCompile Include="MapBackground.cpp">
      <Filter>Source Files\GameRunCpp</Filter>
    </ClCompile>
    <ClCompile Include="TextureManager.cpp">
      <Filter>Source Files\GameRunCpp</Filter>
    </ClCompile>
    <ClCompile Include="AppleObject.cpp">
      <Filter>Source Files\GameObjectsCpp</Filter>
    </ClCompile>
    <ClCompile Include="SnakeObject.cpp">
      <Filter>Source Files\GameObjectsCpp</Filter>
    </ClCompile>
    <ClCompile Include="Object.cpp">
      <Filter>Source Files\GameObjectsCpp</Filter>
    </ClCompile>
  </ItemGroup>
  <ItemGroup>
    <ClInclude Include="AppleObject.h">
      <Filter>Header Files\GameObjectsH</Filter>
    </ClInclude>
    <ClInclude Include="HeroObject.h">
      <Filter>Header Files\GameObjectsH</Filter>
    </ClInclude>
    <ClInclude Include="SnakeObject.h">
      <Filter>Header Files\GameObjectsH</Filter>
    </ClInclude>
    <ClInclude Include="TextureManager.h">
      <Filter>Header Files\GameRunH</Filter>
    </ClInclude>
    <ClInclude Include="MapBackground.h">
      <Filter>Header Files\GameRunH</Filter>
    </ClInclude>
    <ClInclude Include="Game.h">
      <Filter>Header Files\GameRunH</Filter>
    </ClInclude>
    <ClInclude Include="Object.h">
      <Filter>Header Files\GameObjectsH</Filter>
    </ClInclude>
    <ClInclude Include="SimpleMathExamples.h">
      <Filter>Header Files\OtherH</Filter>
    </ClInclude>
  </ItemGroup>
</Project>